PODS:
  - Charts (3.2.0):
    - Charts/Core (= 3.2.0)
  - Charts/Core (3.2.0)
  - UICountingLabel (1.4.1)

DEPENDENCIES:
  - Charts
  - UICountingLabel

SPEC REPOS:
  https://github.com/cocoapods/specs.git:
    - Charts
    - UICountingLabel

SPEC CHECKSUMS:
  Charts: 680c8328bd5e90cb14f67e00d2176f3113d19141
  UICountingLabel: faf890b505d96312e324a86718f031fafffb0ccb

PODFILE CHECKSUM: 5239e697261aede78c507e846807396feee71f5f

COCOAPODS: 1.5.3
