PODS:
  - Charts (3.0.5):
    - Charts/Core (= 3.0.5)
  - Charts/Core (3.0.5)
  - UICountingLabel (1.4.1)

DEPENDENCIES:
  - Charts
  - UICountingLabel

SPEC CHECKSUMS:
  Charts: 45cdc985b764c838b35ee47eb1365d15735f6d1a
  UICountingLabel: faf890b505d96312e324a86718f031fafffb0ccb

PODFILE CHECKSUM: 5239e697261aede78c507e846807396feee71f5f

COCOAPODS: 1.2.1
