// !$*UTF8*$!
{
	archiveVersion = 1;
	classes = {
	};
	objectVersion = 46;
	objects = {

/* Begin PBXBuildFile section */
		AA0365C11EACC6D50066147C /* EnergyViewController.swift in Sources */ = {isa = PBXBuildFile; fileRef = AA0365C01EACC6D50066147C /* EnergyViewController.swift */; };
		AA3AF8F91E95501500903F2B /* Interface.storyboard in Resources */ = {isa = PBXBuildFile; fileRef = AA3AF8F71E95501500903F2B /* Interface.storyboard */; };
		AA3AF8FB1E95501500903F2B /* Assets.xcassets in Resources */ = {isa = PBXBuildFile; fileRef = AA3AF8FA1E95501500903F2B /* Assets.xcassets */; };
		AA3AF9021E95501500903F2B /* iOS Steps Watch Extension.appex in Embed App Extensions */ = {isa = PBXBuildFile; fileRef = AA3AF9011E95501500903F2B /* iOS Steps Watch Extension.appex */; settings = {ATTRIBUTES = (RemoveHeadersOnCopy, ); }; };
		AA3AF9091E95501500903F2B /* InterfaceController.swift in Sources */ = {isa = PBXBuildFile; fileRef = AA3AF9081E95501500903F2B /* InterfaceController.swift */; };
		AA3AF90B1E95501500903F2B /* ExtensionDelegate.swift in Sources */ = {isa = PBXBuildFile; fileRef = AA3AF90A1E95501500903F2B /* ExtensionDelegate.swift */; };
		AA3AF90D1E95501500903F2B /* NotificationController.swift in Sources */ = {isa = PBXBuildFile; fileRef = AA3AF90C1E95501500903F2B /* NotificationController.swift */; };
		AA3AF90F1E95501500903F2B /* Assets.xcassets in Resources */ = {isa = PBXBuildFile; fileRef = AA3AF90E1E95501500903F2B /* Assets.xcassets */; };
		AA3AF9131E95501500903F2B /* iOS Steps Watch.app in Embed Watch Content */ = {isa = PBXBuildFile; fileRef = AA3AF8F51E95501500903F2B /* iOS Steps Watch.app */; };
		AA3AF9211E95581A00903F2B /* HealthKit.framework in Frameworks */ = {isa = PBXBuildFile; fileRef = AA3AF9201E95581A00903F2B /* HealthKit.framework */; };
		AA3BDF031E9A05A500DF1B98 /* WatchKitSessionMananager.swift in Sources */ = {isa = PBXBuildFile; fileRef = AA3BDF021E9A05A500DF1B98 /* WatchKitSessionMananager.swift */; };
		AA3F34971EA63C6B00D976C5 /* BackViewController3.swift in Sources */ = {isa = PBXBuildFile; fileRef = AA3F34961EA63C6B00D976C5 /* BackViewController3.swift */; };
		AA67AFCD1E5768CF00EE0630 /* BackViewController.swift in Sources */ = {isa = PBXBuildFile; fileRef = AA67AFCC1E5768CF00EE0630 /* BackViewController.swift */; };
		AA8072CC1E86A94800E45DEC /* Charts.framework in Frameworks */ = {isa = PBXBuildFile; fileRef = AA8072C51E86A78800E45DEC /* Charts.framework */; };
		AA8072CD1E86A99100E45DEC /* Charts.framework in Embed Frameworks */ = {isa = PBXBuildFile; fileRef = AA8072C51E86A78800E45DEC /* Charts.framework */; settings = {ATTRIBUTES = (CodeSignOnCopy, RemoveHeadersOnCopy, ); }; };
		AA9D2E851E3E424C000E9C08 /* AppDelegate.swift in Sources */ = {isa = PBXBuildFile; fileRef = AA9D2E841E3E424C000E9C08 /* AppDelegate.swift */; };
		AA9D2E871E3E424C000E9C08 /* ViewController.swift in Sources */ = {isa = PBXBuildFile; fileRef = AA9D2E861E3E424C000E9C08 /* ViewController.swift */; };
		AA9D2E8A1E3E424C000E9C08 /* Main.storyboard in Resources */ = {isa = PBXBuildFile; fileRef = AA9D2E881E3E424C000E9C08 /* Main.storyboard */; };
		AA9D2E8C1E3E424C000E9C08 /* Assets.xcassets in Resources */ = {isa = PBXBuildFile; fileRef = AA9D2E8B1E3E424C000E9C08 /* Assets.xcassets */; };
		AA9D2E8F1E3E424C000E9C08 /* LaunchScreen.storyboard in Resources */ = {isa = PBXBuildFile; fileRef = AA9D2E8D1E3E424C000E9C08 /* LaunchScreen.storyboard */; };
		AABD2EF11E9E999D00575B92 /* BackViewController2.swift in Sources */ = {isa = PBXBuildFile; fileRef = AABD2EF01E9E999D00575B92 /* BackViewController2.swift */; };
		AAD088421E3FBA1800612BC1 /* HealthKit.framework in Frameworks */ = {isa = PBXBuildFile; fileRef = AAD088411E3FBA1800612BC1 /* HealthKit.framework */; };
		AAD088471E3FC3C500612BC1 /* HealthKitManager.swift in Sources */ = {isa = PBXBuildFile; fileRef = AAD088461E3FC3C500612BC1 /* HealthKitManager.swift */; };
		AAF185F31E8848720081A1DB /* NotificationCenter.framework in Frameworks */ = {isa = PBXBuildFile; fileRef = AAF185F21E8848720081A1DB /* NotificationCenter.framework */; };
		AAF185F61E8848730081A1DB /* TodayViewController.swift in Sources */ = {isa = PBXBuildFile; fileRef = AAF185F51E8848730081A1DB /* TodayViewController.swift */; };
		AAF185F91E8848730081A1DB /* MainInterface.storyboard in Resources */ = {isa = PBXBuildFile; fileRef = AAF185F71E8848730081A1DB /* MainInterface.storyboard */; };
		AAF185FD1E8848730081A1DB /* iOS Steps Today.appex in Embed App Extensions */ = {isa = PBXBuildFile; fileRef = AAF185F11E8848720081A1DB /* iOS Steps Today.appex */; settings = {ATTRIBUTES = (RemoveHeadersOnCopy, ); }; };
		AAF421FE1E891FBA00D935FE /* HealthKit.framework in Frameworks */ = {isa = PBXBuildFile; fileRef = AAD088411E3FBA1800612BC1 /* HealthKit.framework */; };
/* End PBXBuildFile section */

/* Begin PBXContainerItemProxy section */
		AA3AF9031E95501500903F2B /* PBXContainerItemProxy */ = {
			isa = PBXContainerItemProxy;
			containerPortal = AA9D2E791E3E424C000E9C08 /* Project object */;
			proxyType = 1;
			remoteGlobalIDString = AA3AF9001E95501500903F2B;
			remoteInfo = "iOS Steps Watch Extension";
		};
		AA3AF9111E95501500903F2B /* PBXContainerItemProxy */ = {
			isa = PBXContainerItemProxy;
			containerPortal = AA9D2E791E3E424C000E9C08 /* Project object */;
			proxyType = 1;
			remoteGlobalIDString = AA3AF8F41E95501500903F2B;
			remoteInfo = "iOS Steps Watch";
		};
		AA8072C41E86A78800E45DEC /* PBXContainerItemProxy */ = {
			isa = PBXContainerItemProxy;
			containerPortal = AA8072BE1E86A78800E45DEC /* Charts.xcodeproj */;
			proxyType = 2;
			remoteGlobalIDString = 06165F241D8110E600722320;
			remoteInfo = Charts;
		};
		AA8072C81E86A78800E45DEC /* PBXContainerItemProxy */ = {
			isa = PBXContainerItemProxy;
			containerPortal = AA8072BE1E86A78800E45DEC /* Charts.xcodeproj */;
			proxyType = 2;
			remoteGlobalIDString = 06165F2E1D8110E600722320;
			remoteInfo = ChartsTests;
		};
		AAF185FB1E8848730081A1DB /* PBXContainerItemProxy */ = {
			isa = PBXContainerItemProxy;
			containerPortal = AA9D2E791E3E424C000E9C08 /* Project object */;
			proxyType = 1;
			remoteGlobalIDString = AAF185F01E8848720081A1DB;
			remoteInfo = "iOS Steps Today";
		};
/* End PBXContainerItemProxy section */

/* Begin PBXCopyFilesBuildPhase section */
		AA3AF91C1E95501500903F2B /* Embed App Extensions */ = {
			isa = PBXCopyFilesBuildPhase;
			buildActionMask = 2147483647;
			dstPath = "";
			dstSubfolderSpec = 13;
			files = (
				AA3AF9021E95501500903F2B /* iOS Steps Watch Extension.appex in Embed App Extensions */,
			);
			name = "Embed App Extensions";
			runOnlyForDeploymentPostprocessing = 0;
		};
		AA3AF91E1E95501500903F2B /* Embed Watch Content */ = {
			isa = PBXCopyFilesBuildPhase;
			buildActionMask = 2147483647;
			dstPath = "$(CONTENTS_FOLDER_PATH)/Watch";
			dstSubfolderSpec = 16;
			files = (
				AA3AF9131E95501500903F2B /* iOS Steps Watch.app in Embed Watch Content */,
			);
			name = "Embed Watch Content";
			runOnlyForDeploymentPostprocessing = 0;
		};
		AA8072BC1E857F5800E45DEC /* Embed Frameworks */ = {
			isa = PBXCopyFilesBuildPhase;
			buildActionMask = 2147483647;
			dstPath = "";
			dstSubfolderSpec = 10;
			files = (
				AA8072CD1E86A99100E45DEC /* Charts.framework in Embed Frameworks */,
			);
			name = "Embed Frameworks";
			runOnlyForDeploymentPostprocessing = 0;
		};
		AAF186041E8848730081A1DB /* Embed App Extensions */ = {
			isa = PBXCopyFilesBuildPhase;
			buildActionMask = 2147483647;
			dstPath = "";
			dstSubfolderSpec = 13;
			files = (
				AAF185FD1E8848730081A1DB /* iOS Steps Today.appex in Embed App Extensions */,
			);
			name = "Embed App Extensions";
			runOnlyForDeploymentPostprocessing = 0;
		};
/* End PBXCopyFilesBuildPhase section */

/* Begin PBXFileReference section */
		AA0365C01EACC6D50066147C /* EnergyViewController.swift */ = {isa = PBXFileReference; fileEncoding = 4; lastKnownFileType = sourcecode.swift; path = EnergyViewController.swift; sourceTree = "<group>"; };
		AA3AF8F51E95501500903F2B /* iOS Steps Watch.app */ = {isa = PBXFileReference; explicitFileType = wrapper.application; includeInIndex = 0; path = "iOS Steps Watch.app"; sourceTree = BUILT_PRODUCTS_DIR; };
		AA3AF8F81E95501500903F2B /* Base */ = {isa = PBXFileReference; lastKnownFileType = file.storyboard; name = Base; path = Base.lproj/Interface.storyboard; sourceTree = "<group>"; };
		AA3AF8FA1E95501500903F2B /* Assets.xcassets */ = {isa = PBXFileReference; lastKnownFileType = folder.assetcatalog; path = Assets.xcassets; sourceTree = "<group>"; };
		AA3AF8FC1E95501500903F2B /* Info.plist */ = {isa = PBXFileReference; lastKnownFileType = text.plist.xml; path = Info.plist; sourceTree = "<group>"; };
		AA3AF9011E95501500903F2B /* iOS Steps Watch Extension.appex */ = {isa = PBXFileReference; explicitFileType = "wrapper.app-extension"; includeInIndex = 0; path = "iOS Steps Watch Extension.appex"; sourceTree = BUILT_PRODUCTS_DIR; };
		AA3AF9071E95501500903F2B /* PushNotificationPayload.apns */ = {isa = PBXFileReference; lastKnownFileType = text; path = PushNotificationPayload.apns; sourceTree = "<group>"; };
		AA3AF9081E95501500903F2B /* InterfaceController.swift */ = {isa = PBXFileReference; lastKnownFileType = sourcecode.swift; path = InterfaceController.swift; sourceTree = "<group>"; };
		AA3AF90A1E95501500903F2B /* ExtensionDelegate.swift */ = {isa = PBXFileReference; lastKnownFileType = sourcecode.swift; path = ExtensionDelegate.swift; sourceTree = "<group>"; };
		AA3AF90C1E95501500903F2B /* NotificationController.swift */ = {isa = PBXFileReference; lastKnownFileType = sourcecode.swift; path = NotificationController.swift; sourceTree = "<group>"; };
		AA3AF90E1E95501500903F2B /* Assets.xcassets */ = {isa = PBXFileReference; lastKnownFileType = folder.assetcatalog; path = Assets.xcassets; sourceTree = "<group>"; };
		AA3AF9101E95501500903F2B /* Info.plist */ = {isa = PBXFileReference; lastKnownFileType = text.plist.xml; path = Info.plist; sourceTree = "<group>"; };
		AA3AF91F1E95581A00903F2B /* iOS Steps Watch Extension.entitlements */ = {isa = PBXFileReference; lastKnownFileType = text.plist.entitlements; path = "iOS Steps Watch Extension.entitlements"; sourceTree = "<group>"; };
		AA3AF9201E95581A00903F2B /* HealthKit.framework */ = {isa = PBXFileReference; lastKnownFileType = wrapper.framework; name = HealthKit.framework; path = Platforms/WatchOS.platform/Developer/SDKs/WatchOS3.2.sdk/System/Library/Frameworks/HealthKit.framework; sourceTree = DEVELOPER_DIR; };
		AA3BDF021E9A05A500DF1B98 /* WatchKitSessionMananager.swift */ = {isa = PBXFileReference; fileEncoding = 4; lastKnownFileType = sourcecode.swift; path = WatchKitSessionMananager.swift; sourceTree = "<group>"; };
		AA3F34961EA63C6B00D976C5 /* BackViewController3.swift */ = {isa = PBXFileReference; fileEncoding = 4; lastKnownFileType = sourcecode.swift; path = BackViewController3.swift; sourceTree = "<group>"; };
		AA67AFCC1E5768CF00EE0630 /* BackViewController.swift */ = {isa = PBXFileReference; fileEncoding = 4; lastKnownFileType = sourcecode.swift; path = BackViewController.swift; sourceTree = "<group>"; };
		AA8072BE1E86A78800E45DEC /* Charts.xcodeproj */ = {isa = PBXFileReference; lastKnownFileType = "wrapper.pb-project"; name = Charts.xcodeproj; path = "Charts-master/Charts.xcodeproj"; sourceTree = SOURCE_ROOT; };
		AA9D2E811E3E424C000E9C08 /* iOS Steps.app */ = {isa = PBXFileReference; explicitFileType = wrapper.application; includeInIndex = 0; path = "iOS Steps.app"; sourceTree = BUILT_PRODUCTS_DIR; };
		AA9D2E841E3E424C000E9C08 /* AppDelegate.swift */ = {isa = PBXFileReference; lastKnownFileType = sourcecode.swift; path = AppDelegate.swift; sourceTree = "<group>"; };
		AA9D2E861E3E424C000E9C08 /* ViewController.swift */ = {isa = PBXFileReference; lastKnownFileType = sourcecode.swift; path = ViewController.swift; sourceTree = "<group>"; };
		AA9D2E891E3E424C000E9C08 /* Base */ = {isa = PBXFileReference; lastKnownFileType = file.storyboard; name = Base; path = Base.lproj/Main.storyboard; sourceTree = "<group>"; };
		AA9D2E8B1E3E424C000E9C08 /* Assets.xcassets */ = {isa = PBXFileReference; lastKnownFileType = folder.assetcatalog; path = Assets.xcassets; sourceTree = "<group>"; };
		AA9D2E8E1E3E424C000E9C08 /* Base */ = {isa = PBXFileReference; lastKnownFileType = file.storyboard; name = Base; path = Base.lproj/LaunchScreen.storyboard; sourceTree = "<group>"; };
		AA9D2E901E3E424C000E9C08 /* Info.plist */ = {isa = PBXFileReference; lastKnownFileType = text.plist.xml; path = Info.plist; sourceTree = "<group>"; };
		AABD2EF01E9E999D00575B92 /* BackViewController2.swift */ = {isa = PBXFileReference; fileEncoding = 4; lastKnownFileType = sourcecode.swift; path = BackViewController2.swift; sourceTree = "<group>"; };
		AAD088411E3FBA1800612BC1 /* HealthKit.framework */ = {isa = PBXFileReference; lastKnownFileType = wrapper.framework; name = HealthKit.framework; path = System/Library/Frameworks/HealthKit.framework; sourceTree = SDKROOT; };
		AAD088431E3FBA1800612BC1 /* iOS Steps.entitlements */ = {isa = PBXFileReference; lastKnownFileType = text.plist.entitlements; path = "iOS Steps.entitlements"; sourceTree = "<group>"; };
		AAD088461E3FC3C500612BC1 /* HealthKitManager.swift */ = {isa = PBXFileReference; fileEncoding = 4; lastKnownFileType = sourcecode.swift; path = HealthKitManager.swift; sourceTree = "<group>"; };
		AAF185F11E8848720081A1DB /* iOS Steps Today.appex */ = {isa = PBXFileReference; explicitFileType = "wrapper.app-extension"; includeInIndex = 0; path = "iOS Steps Today.appex"; sourceTree = BUILT_PRODUCTS_DIR; };
		AAF185F21E8848720081A1DB /* NotificationCenter.framework */ = {isa = PBXFileReference; lastKnownFileType = wrapper.framework; name = NotificationCenter.framework; path = System/Library/Frameworks/NotificationCenter.framework; sourceTree = SDKROOT; };
		AAF185F51E8848730081A1DB /* TodayViewController.swift */ = {isa = PBXFileReference; lastKnownFileType = sourcecode.swift; path = TodayViewController.swift; sourceTree = "<group>"; };
		AAF185F81E8848730081A1DB /* Base */ = {isa = PBXFileReference; lastKnownFileType = file.storyboard; name = Base; path = Base.lproj/MainInterface.storyboard; sourceTree = "<group>"; };
		AAF185FA1E8848730081A1DB /* Info.plist */ = {isa = PBXFileReference; lastKnownFileType = text.plist.xml; path = Info.plist; sourceTree = "<group>"; };
		AAF421FD1E891FBA00D935FE /* iOS Steps Today.entitlements */ = {isa = PBXFileReference; lastKnownFileType = text.plist.entitlements; path = "iOS Steps Today.entitlements"; sourceTree = "<group>"; };
/* End PBXFileReference section */

/* Begin PBXFrameworksBuildPhase section */
		AA3AF8FE1E95501500903F2B /* Frameworks */ = {
			isa = PBXFrameworksBuildPhase;
			buildActionMask = 2147483647;
			files = (
				AA3AF9211E95581A00903F2B /* HealthKit.framework in Frameworks */,
			);
			runOnlyForDeploymentPostprocessing = 0;
		};
		AA9D2E7E1E3E424C000E9C08 /* Frameworks */ = {
			isa = PBXFrameworksBuildPhase;
			buildActionMask = 2147483647;
			files = (
				AA8072CC1E86A94800E45DEC /* Charts.framework in Frameworks */,
				AAD088421E3FBA1800612BC1 /* HealthKit.framework in Frameworks */,
			);
			runOnlyForDeploymentPostprocessing = 0;
		};
		AAF185EE1E8848720081A1DB /* Frameworks */ = {
			isa = PBXFrameworksBuildPhase;
			buildActionMask = 2147483647;
			files = (
				AAF185F31E8848720081A1DB /* NotificationCenter.framework in Frameworks */,
				AAF421FE1E891FBA00D935FE /* HealthKit.framework in Frameworks */,
			);
			runOnlyForDeploymentPostprocessing = 0;
		};
/* End PBXFrameworksBuildPhase section */

/* Begin PBXGroup section */
		AA3AF8F61E95501500903F2B /* iOS Steps Watch */ = {
			isa = PBXGroup;
			children = (
				AA3AF8F71E95501500903F2B /* Interface.storyboard */,
				AA3AF8FA1E95501500903F2B /* Assets.xcassets */,
				AA3AF8FC1E95501500903F2B /* Info.plist */,
			);
			path = "iOS Steps Watch";
			sourceTree = "<group>";
		};
		AA3AF9051E95501500903F2B /* iOS Steps Watch Extension */ = {
			isa = PBXGroup;
			children = (
				AA3AF91F1E95581A00903F2B /* iOS Steps Watch Extension.entitlements */,
				AA3AF9081E95501500903F2B /* InterfaceController.swift */,
				AA3AF90A1E95501500903F2B /* ExtensionDelegate.swift */,
				AA3AF90C1E95501500903F2B /* NotificationController.swift */,
				AA3AF90E1E95501500903F2B /* Assets.xcassets */,
				AA3AF9101E95501500903F2B /* Info.plist */,
				AA3AF9061E95501500903F2B /* Supporting Files */,
			);
			path = "iOS Steps Watch Extension";
			sourceTree = "<group>";
		};
		AA3AF9061E95501500903F2B /* Supporting Files */ = {
			isa = PBXGroup;
			children = (
				AA3AF9071E95501500903F2B /* PushNotificationPayload.apns */,
			);
			name = "Supporting Files";
			sourceTree = "<group>";
		};
		AA8072BF1E86A78800E45DEC /* Products */ = {
			isa = PBXGroup;
			children = (
				AA8072C51E86A78800E45DEC /* Charts.framework */,
				AA8072C91E86A78800E45DEC /* ChartsTests.xctest */,
			);
			name = Products;
			sourceTree = "<group>";
		};
		AA9D2E781E3E424C000E9C08 = {
			isa = PBXGroup;
			children = (
				AA9D2E831E3E424C000E9C08 /* iOS Steps */,
				AAF185F41E8848730081A1DB /* iOS Steps Today */,
				AA3AF8F61E95501500903F2B /* iOS Steps Watch */,
				AA3AF9051E95501500903F2B /* iOS Steps Watch Extension */,
				AA9D2E821E3E424C000E9C08 /* Products */,
				AAD088401E3FBA1800612BC1 /* Frameworks */,
			);
			sourceTree = "<group>";
		};
		AA9D2E821E3E424C000E9C08 /* Products */ = {
			isa = PBXGroup;
			children = (
				AA9D2E811E3E424C000E9C08 /* iOS Steps.app */,
				AAF185F11E8848720081A1DB /* iOS Steps Today.appex */,
				AA3AF8F51E95501500903F2B /* iOS Steps Watch.app */,
				AA3AF9011E95501500903F2B /* iOS Steps Watch Extension.appex */,
			);
			name = Products;
			sourceTree = "<group>";
		};
		AA9D2E831E3E424C000E9C08 /* iOS Steps */ = {
			isa = PBXGroup;
			children = (
				AAD088431E3FBA1800612BC1 /* iOS Steps.entitlements */,
				AA9D2E841E3E424C000E9C08 /* AppDelegate.swift */,
				AA9D2E861E3E424C000E9C08 /* ViewController.swift */,
				AA67AFCC1E5768CF00EE0630 /* BackViewController.swift */,
				AABD2EF01E9E999D00575B92 /* BackViewController2.swift */,
				AA3F34961EA63C6B00D976C5 /* BackViewController3.swift */,
				AA0365C01EACC6D50066147C /* EnergyViewController.swift */,
				AAD088461E3FC3C500612BC1 /* HealthKitManager.swift */,
				AA3BDF021E9A05A500DF1B98 /* WatchKitSessionMananager.swift */,
				AA9D2E8D1E3E424C000E9C08 /* LaunchScreen.storyboard */,
				AA9D2E881E3E424C000E9C08 /* Main.storyboard */,
				AA9D2E901E3E424C000E9C08 /* Info.plist */,
				AA9D2E8B1E3E424C000E9C08 /* Assets.xcassets */,
				AA8072BE1E86A78800E45DEC /* Charts.xcodeproj */,
			);
			path = "iOS Steps";
			sourceTree = "<group>";
		};
		AAD088401E3FBA1800612BC1 /* Frameworks */ = {
			isa = PBXGroup;
			children = (
				AA3AF9201E95581A00903F2B /* HealthKit.framework */,
				AAD088411E3FBA1800612BC1 /* HealthKit.framework */,
				AAF185F21E8848720081A1DB /* NotificationCenter.framework */,
			);
			name = Frameworks;
			sourceTree = "<group>";
		};
		AAF185F41E8848730081A1DB /* iOS Steps Today */ = {
			isa = PBXGroup;
			children = (
				AAF421FD1E891FBA00D935FE /* iOS Steps Today.entitlements */,
				AAF185F51E8848730081A1DB /* TodayViewController.swift */,
				AAF185F71E8848730081A1DB /* MainInterface.storyboard */,
				AAF185FA1E8848730081A1DB /* Info.plist */,
			);
			path = "iOS Steps Today";
			sourceTree = "<group>";
		};
/* End PBXGroup section */

/* Begin PBXNativeTarget section */
		AA3AF8F41E95501500903F2B /* iOS Steps Watch */ = {
			isa = PBXNativeTarget;
			buildConfigurationList = AA3AF91D1E95501500903F2B /* Build configuration list for PBXNativeTarget "iOS Steps Watch" */;
			buildPhases = (
				AA3AF8F31E95501500903F2B /* Resources */,
				AA3AF91C1E95501500903F2B /* Embed App Extensions */,
			);
			buildRules = (
			);
			dependencies = (
				AA3AF9041E95501500903F2B /* PBXTargetDependency */,
			);
			name = "iOS Steps Watch";
			productName = "iOS Steps Watch";
			productReference = AA3AF8F51E95501500903F2B /* iOS Steps Watch.app */;
			productType = "com.apple.product-type.application.watchapp2";
		};
		AA3AF9001E95501500903F2B /* iOS Steps Watch Extension */ = {
			isa = PBXNativeTarget;
			buildConfigurationList = AA3AF91B1E95501500903F2B /* Build configuration list for PBXNativeTarget "iOS Steps Watch Extension" */;
			buildPhases = (
				AA3AF8FD1E95501500903F2B /* Sources */,
				AA3AF8FE1E95501500903F2B /* Frameworks */,
				AA3AF8FF1E95501500903F2B /* Resources */,
			);
			buildRules = (
			);
			dependencies = (
			);
			name = "iOS Steps Watch Extension";
			productName = "iOS Steps Watch Extension";
			productReference = AA3AF9011E95501500903F2B /* iOS Steps Watch Extension.appex */;
			productType = "com.apple.product-type.watchkit2-extension";
		};
		AA9D2E801E3E424C000E9C08 /* iOS Steps */ = {
			isa = PBXNativeTarget;
			buildConfigurationList = AA9D2E931E3E424C000E9C08 /* Build configuration list for PBXNativeTarget "iOS Steps" */;
			buildPhases = (
				AA9D2E7D1E3E424C000E9C08 /* Sources */,
				AA9D2E7E1E3E424C000E9C08 /* Frameworks */,
				AA9D2E7F1E3E424C000E9C08 /* Resources */,
				AA558A0C1E42925100230075 /* ShellScript */,
				AA8072BC1E857F5800E45DEC /* Embed Frameworks */,
				AAF186041E8848730081A1DB /* Embed App Extensions */,
				AA3AF91E1E95501500903F2B /* Embed Watch Content */,
			);
			buildRules = (
			);
			dependencies = (
				AAF185FC1E8848730081A1DB /* PBXTargetDependency */,
				AA3AF9121E95501500903F2B /* PBXTargetDependency */,
			);
			name = "iOS Steps";
			productName = "iOS Steps";
			productReference = AA9D2E811E3E424C000E9C08 /* iOS Steps.app */;
			productType = "com.apple.product-type.application";
		};
		AAF185F01E8848720081A1DB /* iOS Steps Today */ = {
			isa = PBXNativeTarget;
			buildConfigurationList = AAF186031E8848730081A1DB /* Build configuration list for PBXNativeTarget "iOS Steps Today" */;
			buildPhases = (
				AAF185ED1E8848720081A1DB /* Sources */,
				AAF185EE1E8848720081A1DB /* Frameworks */,
				AAF185EF1E8848720081A1DB /* Resources */,
			);
			buildRules = (
			);
			dependencies = (
			);
			name = "iOS Steps Today";
			productName = "iOS Steps Today";
			productReference = AAF185F11E8848720081A1DB /* iOS Steps Today.appex */;
			productType = "com.apple.product-type.app-extension";
		};
/* End PBXNativeTarget section */

/* Begin PBXProject section */
		AA9D2E791E3E424C000E9C08 /* Project object */ = {
			isa = PBXProject;
			attributes = {
				LastSwiftUpdateCheck = 0830;
				LastUpgradeCheck = 0820;
				ORGANIZATIONNAME = Steve;
				TargetAttributes = {
					AA3AF8F41E95501500903F2B = {
						CreatedOnToolsVersion = 8.3;
						DevelopmentTeam = 22648A4K3P;
						ProvisioningStyle = Automatic;
						SystemCapabilities = {
							com.apple.BackgroundModes.watchos.app = {
								enabled = 1;
							};
						};
					};
					AA3AF9001E95501500903F2B = {
						CreatedOnToolsVersion = 8.3;
						DevelopmentTeam = 22648A4K3P;
						ProvisioningStyle = Automatic;
						SystemCapabilities = {
							com.apple.BackgroundModes.watchos.extension = {
								enabled = 1;
							};
							com.apple.HealthKit.watchos = {
								enabled = 1;
							};
						};
					};
					AA9D2E801E3E424C000E9C08 = {
						CreatedOnToolsVersion = 8.2.1;
						DevelopmentTeam = 22648A4K3P;
						ProvisioningStyle = Automatic;
						SystemCapabilities = {
							com.apple.BackgroundModes = {
								enabled = 1;
							};
							com.apple.HealthKit = {
								enabled = 1;
							};
						};
					};
					AAF185F01E8848720081A1DB = {
						CreatedOnToolsVersion = 8.3;
						DevelopmentTeam = 22648A4K3P;
						ProvisioningStyle = Automatic;
						SystemCapabilities = {
							com.apple.HealthKit = {
								enabled = 1;
							};
						};
					};
				};
			};
			buildConfigurationList = AA9D2E7C1E3E424C000E9C08 /* Build configuration list for PBXProject "iOS Steps" */;
			compatibilityVersion = "Xcode 3.2";
			developmentRegion = English;
			hasScannedForEncodings = 0;
			knownRegions = (
				en,
				Base,
			);
			mainGroup = AA9D2E781E3E424C000E9C08;
			productRefGroup = AA9D2E821E3E424C000E9C08 /* Products */;
			projectDirPath = "";
			projectReferences = (
				{
					ProductGroup = AA8072BF1E86A78800E45DEC /* Products */;
					ProjectRef = AA8072BE1E86A78800E45DEC /* Charts.xcodeproj */;
				},
			);
			projectRoot = "";
			targets = (
				AA9D2E801E3E424C000E9C08 /* iOS Steps */,
				AAF185F01E8848720081A1DB /* iOS Steps Today */,
				AA3AF8F41E95501500903F2B /* iOS Steps Watch */,
				AA3AF9001E95501500903F2B /* iOS Steps Watch Extension */,
			);
		};
/* End PBXProject section */

/* Begin PBXReferenceProxy section */
		AA8072C51E86A78800E45DEC /* Charts.framework */ = {
			isa = PBXReferenceProxy;
			fileType = wrapper.framework;
			path = Charts.framework;
			remoteRef = AA8072C41E86A78800E45DEC /* PBXContainerItemProxy */;
			sourceTree = BUILT_PRODUCTS_DIR;
		};
		AA8072C91E86A78800E45DEC /* ChartsTests.xctest */ = {
			isa = PBXReferenceProxy;
			fileType = wrapper.cfbundle;
			path = ChartsTests.xctest;
			remoteRef = AA8072C81E86A78800E45DEC /* PBXContainerItemProxy */;
			sourceTree = BUILT_PRODUCTS_DIR;
		};
/* End PBXReferenceProxy section */

/* Begin PBXResourcesBuildPhase section */
		AA3AF8F31E95501500903F2B /* Resources */ = {
			isa = PBXResourcesBuildPhase;
			buildActionMask = 2147483647;
			files = (
				AA3AF8FB1E95501500903F2B /* Assets.xcassets in Resources */,
				AA3AF8F91E95501500903F2B /* Interface.storyboard in Resources */,
			);
			runOnlyForDeploymentPostprocessing = 0;
		};
		AA3AF8FF1E95501500903F2B /* Resources */ = {
			isa = PBXResourcesBuildPhase;
			buildActionMask = 2147483647;
			files = (
				AA3AF90F1E95501500903F2B /* Assets.xcassets in Resources */,
			);
			runOnlyForDeploymentPostprocessing = 0;
		};
		AA9D2E7F1E3E424C000E9C08 /* Resources */ = {
			isa = PBXResourcesBuildPhase;
			buildActionMask = 2147483647;
			files = (
				AA9D2E8F1E3E424C000E9C08 /* LaunchScreen.storyboard in Resources */,
				AA9D2E8C1E3E424C000E9C08 /* Assets.xcassets in Resources */,
				AA9D2E8A1E3E424C000E9C08 /* Main.storyboard in Resources */,
			);
			runOnlyForDeploymentPostprocessing = 0;
		};
		AAF185EF1E8848720081A1DB /* Resources */ = {
			isa = PBXResourcesBuildPhase;
			buildActionMask = 2147483647;
			files = (
				AAF185F91E8848730081A1DB /* MainInterface.storyboard in Resources */,
			);
			runOnlyForDeploymentPostprocessing = 0;
		};
/* End PBXResourcesBuildPhase section */

/* Begin PBXShellScriptBuildPhase section */
		AA558A0C1E42925100230075 /* ShellScript */ = {
			isa = PBXShellScriptBuildPhase;
			buildActionMask = 2147483647;
			files = (
			);
			inputPaths = (
			);
			outputPaths = (
			);
			runOnlyForDeploymentPostprocessing = 0;
			shellPath = /bin/sh;
			shellScript = ./updateBuildVersionNumber.sh;
		};
/* End PBXShellScriptBuildPhase section */

/* Begin PBXSourcesBuildPhase section */
		AA3AF8FD1E95501500903F2B /* Sources */ = {
			isa = PBXSourcesBuildPhase;
			buildActionMask = 2147483647;
			files = (
				AA3AF90D1E95501500903F2B /* NotificationController.swift in Sources */,
				AA3AF90B1E95501500903F2B /* ExtensionDelegate.swift in Sources */,
				AA3AF9091E95501500903F2B /* InterfaceController.swift in Sources */,
			);
			runOnlyForDeploymentPostprocessing = 0;
		};
		AA9D2E7D1E3E424C000E9C08 /* Sources */ = {
			isa = PBXSourcesBuildPhase;
			buildActionMask = 2147483647;
			files = (
				AA9D2E871E3E424C000E9C08 /* ViewController.swift in Sources */,
				AA9D2E851E3E424C000E9C08 /* AppDelegate.swift in Sources */,
				AAD088471E3FC3C500612BC1 /* HealthKitManager.swift in Sources */,
				AABD2EF11E9E999D00575B92 /* BackViewController2.swift in Sources */,
				AA67AFCD1E5768CF00EE0630 /* BackViewController.swift in Sources */,
				AA3F34971EA63C6B00D976C5 /* BackViewController3.swift in Sources */,
				AA0365C11EACC6D50066147C /* EnergyViewController.swift in Sources */,
				AA3BDF031E9A05A500DF1B98 /* WatchKitSessionMananager.swift in Sources */,
			);
			runOnlyForDeploymentPostprocessing = 0;
		};
		AAF185ED1E8848720081A1DB /* Sources */ = {
			isa = PBXSourcesBuildPhase;
			buildActionMask = 2147483647;
			files = (
				AAF185F61E8848730081A1DB /* TodayViewController.swift in Sources */,
			);
			runOnlyForDeploymentPostprocessing = 0;
		};
/* End PBXSourcesBuildPhase section */

/* Begin PBXTargetDependency section */
		AA3AF9041E95501500903F2B /* PBXTargetDependency */ = {
			isa = PBXTargetDependency;
			target = AA3AF9001E95501500903F2B /* iOS Steps Watch Extension */;
			targetProxy = AA3AF9031E95501500903F2B /* PBXContainerItemProxy */;
		};
		AA3AF9121E95501500903F2B /* PBXTargetDependency */ = {
			isa = PBXTargetDependency;
			target = AA3AF8F41E95501500903F2B /* iOS Steps Watch */;
			targetProxy = AA3AF9111E95501500903F2B /* PBXContainerItemProxy */;
		};
		AAF185FC1E8848730081A1DB /* PBXTargetDependency */ = {
			isa = PBXTargetDependency;
			target = AAF185F01E8848720081A1DB /* iOS Steps Today */;
			targetProxy = AAF185FB1E8848730081A1DB /* PBXContainerItemProxy */;
		};
/* End PBXTargetDependency section */

/* Begin PBXVariantGroup section */
		AA3AF8F71E95501500903F2B /* Interface.storyboard */ = {
			isa = PBXVariantGroup;
			children = (
				AA3AF8F81E95501500903F2B /* Base */,
			);
			name = Interface.storyboard;
			sourceTree = "<group>";
		};
		AA9D2E881E3E424C000E9C08 /* Main.storyboard */ = {
			isa = PBXVariantGroup;
			children = (
				AA9D2E891E3E424C000E9C08 /* Base */,
			);
			name = Main.storyboard;
			sourceTree = "<group>";
		};
		AA9D2E8D1E3E424C000E9C08 /* LaunchScreen.storyboard */ = {
			isa = PBXVariantGroup;
			children = (
				AA9D2E8E1E3E424C000E9C08 /* Base */,
			);
			name = LaunchScreen.storyboard;
			sourceTree = "<group>";
		};
		AAF185F71E8848730081A1DB /* MainInterface.storyboard */ = {
			isa = PBXVariantGroup;
			children = (
				AAF185F81E8848730081A1DB /* Base */,
			);
			name = MainInterface.storyboard;
			sourceTree = "<group>";
		};
/* End PBXVariantGroup section */

/* Begin XCBuildConfiguration section */
		AA3AF9141E95501500903F2B /* Debug */ = {
			isa = XCBuildConfiguration;
			buildSettings = {
				ALWAYS_EMBED_SWIFT_STANDARD_LIBRARIES = YES;
				ASSETCATALOG_COMPILER_APPICON_NAME = AppIcon;
				CLANG_ANALYZER_NUMBER_OBJECT_CONVERSION = YES_AGGRESSIVE;
				DEVELOPMENT_TEAM = 22648A4K3P;
				IBSC_MODULE = iOS_Steps_Watch_Extension;
				INFOPLIST_FILE = "iOS Steps Watch/Info.plist";
				PRODUCT_BUNDLE_IDENTIFIER = "eu.trease.iosteps.iOS-Steps.watchkitapp";
				PRODUCT_NAME = "$(TARGET_NAME)";
				SDKROOT = watchos;
				SKIP_INSTALL = YES;
				SWIFT_VERSION = 3.0;
				TARGETED_DEVICE_FAMILY = 4;
				WATCHOS_DEPLOYMENT_TARGET = 3.2;
			};
			name = Debug;
		};
		AA3AF9151E95501500903F2B /* Release */ = {
			isa = XCBuildConfiguration;
			buildSettings = {
				ALWAYS_EMBED_SWIFT_STANDARD_LIBRARIES = YES;
				ASSETCATALOG_COMPILER_APPICON_NAME = AppIcon;
				CLANG_ANALYZER_NUMBER_OBJECT_CONVERSION = YES_AGGRESSIVE;
				DEVELOPMENT_TEAM = 22648A4K3P;
				IBSC_MODULE = iOS_Steps_Watch_Extension;
				INFOPLIST_FILE = "iOS Steps Watch/Info.plist";
				PRODUCT_BUNDLE_IDENTIFIER = "eu.trease.iosteps.iOS-Steps.watchkitapp";
				PRODUCT_NAME = "$(TARGET_NAME)";
				SDKROOT = watchos;
				SKIP_INSTALL = YES;
				SWIFT_VERSION = 3.0;
				TARGETED_DEVICE_FAMILY = 4;
				WATCHOS_DEPLOYMENT_TARGET = 3.2;
			};
			name = Release;
		};
		AA3AF9161E95501500903F2B /* Debug */ = {
			isa = XCBuildConfiguration;
			buildSettings = {
				ASSETCATALOG_COMPILER_COMPLICATION_NAME = Complication;
				CLANG_ANALYZER_NUMBER_OBJECT_CONVERSION = YES_AGGRESSIVE;
				CODE_SIGN_ENTITLEMENTS = "iOS Steps Watch Extension/iOS Steps Watch Extension.entitlements";
				DEVELOPMENT_TEAM = 22648A4K3P;
				INFOPLIST_FILE = "iOS Steps Watch Extension/Info.plist";
				LD_RUNPATH_SEARCH_PATHS = "$(inherited) @executable_path/Frameworks @executable_path/../../Frameworks";
				PRODUCT_BUNDLE_IDENTIFIER = "eu.trease.iosteps.iOS-Steps.watchkitapp.watchkitextension";
				PRODUCT_NAME = "${TARGET_NAME}";
				SDKROOT = watchos;
				SKIP_INSTALL = YES;
				SWIFT_VERSION = 3.0;
				TARGETED_DEVICE_FAMILY = 4;
				WATCHOS_DEPLOYMENT_TARGET = 3.2;
			};
			name = Debug;
		};
		AA3AF9171E95501500903F2B /* Release */ = {
			isa = XCBuildConfiguration;
			buildSettings = {
				ASSETCATALOG_COMPILER_COMPLICATION_NAME = Complication;
				CLANG_ANALYZER_NUMBER_OBJECT_CONVERSION = YES_AGGRESSIVE;
				CODE_SIGN_ENTITLEMENTS = "iOS Steps Watch Extension/iOS Steps Watch Extension.entitlements";
				DEVELOPMENT_TEAM = 22648A4K3P;
				INFOPLIST_FILE = "iOS Steps Watch Extension/Info.plist";
				LD_RUNPATH_SEARCH_PATHS = "$(inherited) @executable_path/Frameworks @executable_path/../../Frameworks";
				PRODUCT_BUNDLE_IDENTIFIER = "eu.trease.iosteps.iOS-Steps.watchkitapp.watchkitextension";
				PRODUCT_NAME = "${TARGET_NAME}";
				SDKROOT = watchos;
				SKIP_INSTALL = YES;
				SWIFT_VERSION = 3.0;
				TARGETED_DEVICE_FAMILY = 4;
				WATCHOS_DEPLOYMENT_TARGET = 3.2;
			};
			name = Release;
		};
		AA9D2E911E3E424C000E9C08 /* Debug */ = {
			isa = XCBuildConfiguration;
			buildSettings = {
				ALWAYS_SEARCH_USER_PATHS = NO;
				CLANG_ANALYZER_NONNULL = YES;
				CLANG_CXX_LANGUAGE_STANDARD = "gnu++0x";
				CLANG_CXX_LIBRARY = "libc++";
				CLANG_ENABLE_MODULES = YES;
				CLANG_ENABLE_OBJC_ARC = YES;
				CLANG_WARN_BOOL_CONVERSION = YES;
				CLANG_WARN_CONSTANT_CONVERSION = YES;
				CLANG_WARN_DIRECT_OBJC_ISA_USAGE = YES_ERROR;
				CLANG_WARN_DOCUMENTATION_COMMENTS = YES;
				CLANG_WARN_EMPTY_BODY = YES;
				CLANG_WARN_ENUM_CONVERSION = YES;
				CLANG_WARN_INFINITE_RECURSION = YES;
				CLANG_WARN_INT_CONVERSION = YES;
				CLANG_WARN_OBJC_ROOT_CLASS = YES_ERROR;
				CLANG_WARN_SUSPICIOUS_MOVE = YES;
				CLANG_WARN_UNREACHABLE_CODE = YES;
				CLANG_WARN__DUPLICATE_METHOD_MATCH = YES;
				"CODE_SIGN_IDENTITY[sdk=iphoneos*]" = "iPhone Developer";
				COPY_PHASE_STRIP = NO;
				DEBUG_INFORMATION_FORMAT = dwarf;
				ENABLE_STRICT_OBJC_MSGSEND = YES;
				ENABLE_TESTABILITY = YES;
				GCC_C_LANGUAGE_STANDARD = gnu99;
				GCC_DYNAMIC_NO_PIC = NO;
				GCC_NO_COMMON_BLOCKS = YES;
				GCC_OPTIMIZATION_LEVEL = 0;
				GCC_PREPROCESSOR_DEFINITIONS = (
					"DEBUG=1",
					"$(inherited)",
				);
				GCC_WARN_64_TO_32_BIT_CONVERSION = YES;
				GCC_WARN_ABOUT_RETURN_TYPE = YES_ERROR;
				GCC_WARN_UNDECLARED_SELECTOR = YES;
				GCC_WARN_UNINITIALIZED_AUTOS = YES_AGGRESSIVE;
				GCC_WARN_UNUSED_FUNCTION = YES;
				GCC_WARN_UNUSED_VARIABLE = YES;
				IPHONEOS_DEPLOYMENT_TARGET = 10.2;
				MTL_ENABLE_DEBUG_INFO = YES;
				ONLY_ACTIVE_ARCH = YES;
				SDKROOT = iphoneos;
				SWIFT_ACTIVE_COMPILATION_CONDITIONS = DEBUG;
				SWIFT_OPTIMIZATION_LEVEL = "-Onone";
			};
			name = Debug;
		};
		AA9D2E921E3E424C000E9C08 /* Release */ = {
			isa = XCBuildConfiguration;
			buildSettings = {
				ALWAYS_SEARCH_USER_PATHS = NO;
				CLANG_ANALYZER_NONNULL = YES;
				CLANG_CXX_LANGUAGE_STANDARD = "gnu++0x";
				CLANG_CXX_LIBRARY = "libc++";
				CLANG_ENABLE_MODULES = YES;
				CLANG_ENABLE_OBJC_ARC = YES;
				CLANG_WARN_BOOL_CONVERSION = YES;
				CLANG_WARN_CONSTANT_CONVERSION = YES;
				CLANG_WARN_DIRECT_OBJC_ISA_USAGE = YES_ERROR;
				CLANG_WARN_DOCUMENTATION_COMMENTS = YES;
				CLANG_WARN_EMPTY_BODY = YES;
				CLANG_WARN_ENUM_CONVERSION = YES;
				CLANG_WARN_INFINITE_RECURSION = YES;
				CLANG_WARN_INT_CONVERSION = YES;
				CLANG_WARN_OBJC_ROOT_CLASS = YES_ERROR;
				CLANG_WARN_SUSPICIOUS_MOVE = YES;
				CLANG_WARN_UNREACHABLE_CODE = YES;
				CLANG_WARN__DUPLICATE_METHOD_MATCH = YES;
				"CODE_SIGN_IDENTITY[sdk=iphoneos*]" = "iPhone Developer";
				COPY_PHASE_STRIP = NO;
				DEBUG_INFORMATION_FORMAT = "dwarf-with-dsym";
				ENABLE_NS_ASSERTIONS = NO;
				ENABLE_STRICT_OBJC_MSGSEND = YES;
				GCC_C_LANGUAGE_STANDARD = gnu99;
				GCC_NO_COMMON_BLOCKS = YES;
				GCC_WARN_64_TO_32_BIT_CONVERSION = YES;
				GCC_WARN_ABOUT_RETURN_TYPE = YES_ERROR;
				GCC_WARN_UNDECLARED_SELECTOR = YES;
				GCC_WARN_UNINITIALIZED_AUTOS = YES_AGGRESSIVE;
				GCC_WARN_UNUSED_FUNCTION = YES;
				GCC_WARN_UNUSED_VARIABLE = YES;
				IPHONEOS_DEPLOYMENT_TARGET = 10.2;
				MTL_ENABLE_DEBUG_INFO = NO;
				SDKROOT = iphoneos;
				SWIFT_OPTIMIZATION_LEVEL = "-Owholemodule";
				VALIDATE_PRODUCT = YES;
			};
			name = Release;
		};
		AA9D2E941E3E424C000E9C08 /* Debug */ = {
			isa = XCBuildConfiguration;
			buildSettings = {
				ALWAYS_EMBED_SWIFT_STANDARD_LIBRARIES = YES;
				ASSETCATALOG_COMPILER_APPICON_NAME = AppIcon;
				CODE_SIGN_ENTITLEMENTS = "iOS Steps/iOS Steps.entitlements";
				DEVELOPMENT_TEAM = 22648A4K3P;
				INFOPLIST_FILE = "iOS Steps/Info.plist";
				LD_RUNPATH_SEARCH_PATHS = "$(inherited) @executable_path/Frameworks";
				PRODUCT_BUNDLE_IDENTIFIER = "eu.trease.iosteps.iOS-Steps";
				PRODUCT_NAME = "$(TARGET_NAME)";
				SWIFT_VERSION = 3.0;
			};
			name = Debug;
		};
		AA9D2E951E3E424C000E9C08 /* Release */ = {
			isa = XCBuildConfiguration;
			buildSettings = {
				ALWAYS_EMBED_SWIFT_STANDARD_LIBRARIES = YES;
				ASSETCATALOG_COMPILER_APPICON_NAME = AppIcon;
				CODE_SIGN_ENTITLEMENTS = "iOS Steps/iOS Steps.entitlements";
				DEVELOPMENT_TEAM = 22648A4K3P;
				INFOPLIST_FILE = "iOS Steps/Info.plist";
				LD_RUNPATH_SEARCH_PATHS = "$(inherited) @executable_path/Frameworks";
				PRODUCT_BUNDLE_IDENTIFIER = "eu.trease.iosteps.iOS-Steps";
				PRODUCT_NAME = "$(TARGET_NAME)";
				SWIFT_VERSION = 3.0;
			};
			name = Release;
		};
		AAF185FE1E8848730081A1DB /* Debug */ = {
			isa = XCBuildConfiguration;
			buildSettings = {
				CLANG_ANALYZER_NUMBER_OBJECT_CONVERSION = YES_AGGRESSIVE;
				CODE_SIGN_ENTITLEMENTS = "iOS Steps Today/iOS Steps Today.entitlements";
				DEVELOPMENT_TEAM = 22648A4K3P;
				INFOPLIST_FILE = "iOS Steps Today/Info.plist";
				IPHONEOS_DEPLOYMENT_TARGET = 10.3;
				LD_RUNPATH_SEARCH_PATHS = "$(inherited) @executable_path/Frameworks @executable_path/../../Frameworks";
				PRODUCT_BUNDLE_IDENTIFIER = "eu.trease.iosteps.iOS-Steps.iOS-Steps-Today";
				PRODUCT_NAME = "$(TARGET_NAME)";
				SKIP_INSTALL = YES;
				SWIFT_VERSION = 3.0;
			};
			name = Debug;
		};
		AAF185FF1E8848730081A1DB /* Release */ = {
			isa = XCBuildConfiguration;
			buildSettings = {
				CLANG_ANALYZER_NUMBER_OBJECT_CONVERSION = YES_AGGRESSIVE;
				CODE_SIGN_ENTITLEMENTS = "iOS Steps Today/iOS Steps Today.entitlements";
				DEVELOPMENT_TEAM = 22648A4K3P;
				INFOPLIST_FILE = "iOS Steps Today/Info.plist";
				IPHONEOS_DEPLOYMENT_TARGET = 10.3;
				LD_RUNPATH_SEARCH_PATHS = "$(inherited) @executable_path/Frameworks @executable_path/../../Frameworks";
				PRODUCT_BUNDLE_IDENTIFIER = "eu.trease.iosteps.iOS-Steps.iOS-Steps-Today";
				PRODUCT_NAME = "$(TARGET_NAME)";
				SKIP_INSTALL = YES;
				SWIFT_VERSION = 3.0;
			};
			name = Release;
		};
/* End XCBuildConfiguration section */

/* Begin XCConfigurationList section */
		AA3AF91B1E95501500903F2B /* Build configuration list for PBXNativeTarget "iOS Steps Watch Extension" */ = {
			isa = XCConfigurationList;
			buildConfigurations = (
				AA3AF9161E95501500903F2B /* Debug */,
				AA3AF9171E95501500903F2B /* Release */,
			);
			defaultConfigurationIsVisible = 0;
			defaultConfigurationName = Release;
		};
		AA3AF91D1E95501500903F2B /* Build configuration list for PBXNativeTarget "iOS Steps Watch" */ = {
			isa = XCConfigurationList;
			buildConfigurations = (
				AA3AF9141E95501500903F2B /* Debug */,
				AA3AF9151E95501500903F2B /* Release */,
			);
			defaultConfigurationIsVisible = 0;
			defaultConfigurationName = Release;
		};
		AA9D2E7C1E3E424C000E9C08 /* Build configuration list for PBXProject "iOS Steps" */ = {
			isa = XCConfigurationList;
			buildConfigurations = (
				AA9D2E911E3E424C000E9C08 /* Debug */,
				AA9D2E921E3E424C000E9C08 /* Release */,
			);
			defaultConfigurationIsVisible = 0;
			defaultConfigurationName = Release;
		};
		AA9D2E931E3E424C000E9C08 /* Build configuration list for PBXNativeTarget "iOS Steps" */ = {
			isa = XCConfigurationList;
			buildConfigurations = (
				AA9D2E941E3E424C000E9C08 /* Debug */,
				AA9D2E951E3E424C000E9C08 /* Release */,
			);
			defaultConfigurationIsVisible = 0;
			defaultConfigurationName = Release;
		};
		AAF186031E8848730081A1DB /* Build configuration list for PBXNativeTarget "iOS Steps Today" */ = {
			isa = XCConfigurationList;
			buildConfigurations = (
				AAF185FE1E8848730081A1DB /* Debug */,
				AAF185FF1E8848730081A1DB /* Release */,
			);
			defaultConfigurationIsVisible = 0;
			defaultConfigurationName = Release;
		};
/* End XCConfigurationList section */
	};
	rootObject = AA9D2E791E3E424C000E9C08 /* Project object */;
}
